
Microsoft Visual Studio Solution File, Format Version 10.00
# Visual Studio 2008
Project("{FAE04EC0-301F-11D3-BF4B-00C04F79EFBC}") = "ELFSharp", "ELFSharp\ELFSharp.csproj", "{CF944E09-7C14-433C-A185-161848E989B3}"
EndProject
Global
	GlobalSection(SolutionConfigurationPlatforms) = preSolution
		Debug|Any CPU = Debug|Any CPU
		Release|Any CPU = Release|Any CPU
	EndGlobalSection
	GlobalSection(ProjectConfigurationPlatforms) = postSolution
		{CF944E09-7C14-433C-A185-161848E989B3}.Debug|Any CPU.ActiveCfg = Debug|Any CPU
		{CF944E09-7C14-433C-A185-161848E989B3}.Debug|Any CPU.Build.0 = Debug|Any CPU
		{CF944E09-7C14-433C-A185-161848E989B3}.Release|Any CPU.ActiveCfg = Release|Any CPU
		{CF944E09-7C14-433C-A185-161848E989B3}.Release|Any CPU.Build.0 = Release|Any CPU
	EndGlobalSection
	GlobalSection(MonoDevelopProperties) = preSolution
		StartupItem = ELFSharp\ELFSharp.csproj
	EndGlobalSection
EndGlobal
