
Microsoft Visual Studio Solution File, Format Version 11.00
# Visual Studio 2010
Project("{FAE04EC0-301F-11D3-BF4B-00C04F79EFBC}") = "ELFSharp", "ELFSharp\ELFSharp.csproj", "{CF944E09-7C14-433C-A185-161848E989B3}"
EndProject
Project("{FAE04EC0-301F-11D3-BF4B-00C04F79EFBC}") = "Tests", "Tests\Tests.csproj", "{91374C07-064E-445D-AC01-F7BEF7F14C70}"
EndProject
Global
	GlobalSection(SolutionConfigurationPlatforms) = preSolution
		Debug|Any CPU = Debug|Any CPU
		Release|Any CPU = Release|Any CPU
	EndGlobalSection
	GlobalSection(ProjectConfigurationPlatforms) = postSolution
		{91374C07-064E-445D-AC01-F7BEF7F14C70}.Debug|Any CPU.ActiveCfg = Debug|Any CPU
		{91374C07-064E-445D-AC01-F7BEF7F14C70}.Debug|Any CPU.Build.0 = Debug|Any CPU
		{91374C07-064E-445D-AC01-F7BEF7F14C70}.Release|Any CPU.ActiveCfg = Release|Any CPU
		{91374C07-064E-445D-AC01-F7BEF7F14C70}.Release|Any CPU.Build.0 = Release|Any CPU
		{CF944E09-7C14-433C-A185-161848E989B3}.Debug|Any CPU.ActiveCfg = Debug|Any CPU
		{CF944E09-7C14-433C-A185-161848E989B3}.Debug|Any CPU.Build.0 = Debug|Any CPU
		{CF944E09-7C14-433C-A185-161848E989B3}.Release|Any CPU.ActiveCfg = Release|Any CPU
		{CF944E09-7C14-433C-A185-161848E989B3}.Release|Any CPU.Build.0 = Release|Any CPU
	EndGlobalSection
	GlobalSection(MonoDevelopProperties) = preSolution
		StartupItem = Tests\Tests.csproj
	EndGlobalSection
EndGlobal
