
Microsoft Visual Studio Solution File, Format Version 12.00
# Visual Studio 2012
Project("{FAE04EC0-301F-11D3-BF4B-00C04F79EFBC}") = "ELFSharp", "ELFSharp\ELFSharp.csproj", "{DD952741-16CD-4F36-B88D-5F03AD20676A}"
EndProject
Project("{FAE04EC0-301F-11D3-BF4B-00C04F79EFBC}") = "Tests", "Tests\Tests.csproj", "{A2D02532-CD4F-45DB-B49A-207251D66D15}"
EndProject
Global
	GlobalSection(SolutionConfigurationPlatforms) = preSolution
		Release|Any CPU = Release|Any CPU
		Debug|Any CPU = Debug|Any CPU
	EndGlobalSection
	GlobalSection(ProjectConfigurationPlatforms) = postSolution
		{DD952741-16CD-4F36-B88D-5F03AD20676A}.Release|Any CPU.ActiveCfg = Release|Any CPU
		{DD952741-16CD-4F36-B88D-5F03AD20676A}.Release|Any CPU.Build.0 = Release|Any CPU
		{DD952741-16CD-4F36-B88D-5F03AD20676A}.Debug|Any CPU.ActiveCfg = Debug|Any CPU
		{DD952741-16CD-4F36-B88D-5F03AD20676A}.Debug|Any CPU.Build.0 = Debug|Any CPU
		{A2D02532-CD4F-45DB-B49A-207251D66D15}.Release|Any CPU.ActiveCfg = Release|Any CPU
		{A2D02532-CD4F-45DB-B49A-207251D66D15}.Release|Any CPU.Build.0 = Release|Any CPU
		{A2D02532-CD4F-45DB-B49A-207251D66D15}.Debug|Any CPU.ActiveCfg = Debug|Any CPU
		{A2D02532-CD4F-45DB-B49A-207251D66D15}.Debug|Any CPU.Build.0 = Debug|Any CPU
	EndGlobalSection
EndGlobal
